
Microsoft Visual Studio Solution File, Format Version 12.00
Project("{FAE04EC0-301F-11D3-BF4B-00C04F79EFBC}") = "WebApi.Presentation", "WebApi.Presentation\WebApi.Presentation.csproj", "{7B5A992D-C6FA-4243-BC8E-333E0727B3DD}"
EndProject
Project("{FAE04EC0-301F-11D3-BF4B-00C04F79EFBC}") = "Utils", "Utils\Utils.csproj", "{C974159E-4DEE-47F0-A15C-794832692D69}"
EndProject
Project("{FAE04EC0-301F-11D3-BF4B-00C04F79EFBC}") = "WebApi.Domain", "WebApi.Domain\WebApi.Domain.csproj", "{E4DFAF07-FD2F-4D26-A061-11C98969A157}"
EndProject
Project("{FAE04EC0-301F-11D3-BF4B-00C04F79EFBC}") = "WebApi.Infrastructure", "WebApi.Infrastructure\WebApi.Infrastructure.csproj", "{5991F6FF-189B-4CA2-8446-B78BDB09FD76}"
EndProject
Project("{FAE04EC0-301F-11D3-BF4B-00C04F79EFBC}") = "WebApi.Application", "WebApi.Application\WebApi.Application.csproj", "{57802D34-FF50-4CF2-8362-9B961977578F}"
EndProject
Project("{2150E333-8FDC-42A3-9474-1A3956D46DE8}") = "Api", "Api", "{82F97764-746E-43F5-8996-1513215C53E2}"
EndProject
Project("{2150E333-8FDC-42A3-9474-1A3956D46DE8}") = "UI", "UI", "{82521EB2-BCA1-47C0-A475-61DC39C90532}"
EndProject
Project("{FAE04EC0-301F-11D3-BF4B-00C04F79EFBC}") = "Core", "Core\Core.csproj", "{4CDE89B8-5C95-4CAE-B7FA-BC895D3AFD1D}"
EndProject
Project("{FAE04EC0-301F-11D3-BF4B-00C04F79EFBC}") = "GUI", "GUI\GUI.csproj", "{EEFBAA98-CF69-4804-A7F2-69213693DF4D}"
EndProject
Global
	GlobalSection(SolutionConfigurationPlatforms) = preSolution
		Debug|Any CPU = Debug|Any CPU
		Release|Any CPU = Release|Any CPU
	EndGlobalSection
	GlobalSection(ProjectConfigurationPlatforms) = postSolution
		{7B5A992D-C6FA-4243-BC8E-333E0727B3DD}.Debug|Any CPU.ActiveCfg = Debug|Any CPU
		{7B5A992D-C6FA-4243-BC8E-333E0727B3DD}.Debug|Any CPU.Build.0 = Debug|Any CPU
		{7B5A992D-C6FA-4243-BC8E-333E0727B3DD}.Release|Any CPU.ActiveCfg = Release|Any CPU
		{7B5A992D-C6FA-4243-BC8E-333E0727B3DD}.Release|Any CPU.Build.0 = Release|Any CPU
		{C974159E-4DEE-47F0-A15C-794832692D69}.Debug|Any CPU.ActiveCfg = Debug|Any CPU
		{C974159E-4DEE-47F0-A15C-794832692D69}.Debug|Any CPU.Build.0 = Debug|Any CPU
		{C974159E-4DEE-47F0-A15C-794832692D69}.Release|Any CPU.ActiveCfg = Release|Any CPU
		{C974159E-4DEE-47F0-A15C-794832692D69}.Release|Any CPU.Build.0 = Release|Any CPU
		{E4DFAF07-FD2F-4D26-A061-11C98969A157}.Debug|Any CPU.ActiveCfg = Debug|Any CPU
		{E4DFAF07-FD2F-4D26-A061-11C98969A157}.Debug|Any CPU.Build.0 = Debug|Any CPU
		{E4DFAF07-FD2F-4D26-A061-11C98969A157}.Release|Any CPU.ActiveCfg = Release|Any CPU
		{E4DFAF07-FD2F-4D26-A061-11C98969A157}.Release|Any CPU.Build.0 = Release|Any CPU
		{5991F6FF-189B-4CA2-8446-B78BDB09FD76}.Debug|Any CPU.ActiveCfg = Debug|Any CPU
		{5991F6FF-189B-4CA2-8446-B78BDB09FD76}.Debug|Any CPU.Build.0 = Debug|Any CPU
		{5991F6FF-189B-4CA2-8446-B78BDB09FD76}.Release|Any CPU.ActiveCfg = Release|Any CPU
		{5991F6FF-189B-4CA2-8446-B78BDB09FD76}.Release|Any CPU.Build.0 = Release|Any CPU
		{57802D34-FF50-4CF2-8362-9B961977578F}.Debug|Any CPU.ActiveCfg = Debug|Any CPU
		{57802D34-FF50-4CF2-8362-9B961977578F}.Debug|Any CPU.Build.0 = Debug|Any CPU
		{57802D34-FF50-4CF2-8362-9B961977578F}.Release|Any CPU.ActiveCfg = Release|Any CPU
		{57802D34-FF50-4CF2-8362-9B961977578F}.Release|Any CPU.Build.0 = Release|Any CPU
		{4CDE89B8-5C95-4CAE-B7FA-BC895D3AFD1D}.Debug|Any CPU.ActiveCfg = Debug|Any CPU
		{4CDE89B8-5C95-4CAE-B7FA-BC895D3AFD1D}.Debug|Any CPU.Build.0 = Debug|Any CPU
		{4CDE89B8-5C95-4CAE-B7FA-BC895D3AFD1D}.Release|Any CPU.ActiveCfg = Release|Any CPU
		{4CDE89B8-5C95-4CAE-B7FA-BC895D3AFD1D}.Release|Any CPU.Build.0 = Release|Any CPU
		{EEFBAA98-CF69-4804-A7F2-69213693DF4D}.Debug|Any CPU.ActiveCfg = Debug|Any CPU
		{EEFBAA98-CF69-4804-A7F2-69213693DF4D}.Debug|Any CPU.Build.0 = Debug|Any CPU
		{EEFBAA98-CF69-4804-A7F2-69213693DF4D}.Release|Any CPU.ActiveCfg = Release|Any CPU
		{EEFBAA98-CF69-4804-A7F2-69213693DF4D}.Release|Any CPU.Build.0 = Release|Any CPU
	EndGlobalSection
	GlobalSection(NestedProjects) = preSolution
		{57802D34-FF50-4CF2-8362-9B961977578F} = {82F97764-746E-43F5-8996-1513215C53E2}
		{E4DFAF07-FD2F-4D26-A061-11C98969A157} = {82F97764-746E-43F5-8996-1513215C53E2}
		{5991F6FF-189B-4CA2-8446-B78BDB09FD76} = {82F97764-746E-43F5-8996-1513215C53E2}
		{7B5A992D-C6FA-4243-BC8E-333E0727B3DD} = {82F97764-746E-43F5-8996-1513215C53E2}
		{4CDE89B8-5C95-4CAE-B7FA-BC895D3AFD1D} = {82521EB2-BCA1-47C0-A475-61DC39C90532}
		{EEFBAA98-CF69-4804-A7F2-69213693DF4D} = {82521EB2-BCA1-47C0-A475-61DC39C90532}
	EndGlobalSection
EndGlobal
